
Microsoft Visual Studio Solution File, Format Version 12.00
# Visual Studio Version 17
VisualStudioVersion = 17.5.33502.453
MinimumVisualStudioVersion = 10.0.40219.1
Project("{FAE04EC0-301F-11D3-BF4B-00C04F79EFBC}") = "SandboxForTasks", "SandboxForTasks.csproj", "{B9550FCF-51F1-4407-82F1-B8A3DEF7BDB7}"
EndProject
Global
	GlobalSection(SolutionConfigurationPlatforms) = preSolution
		Debug|Any CPU = Debug|Any CPU
		Release|Any CPU = Release|Any CPU
	EndGlobalSection
	GlobalSection(ProjectConfigurationPlatforms) = postSolution
		{B9550FCF-51F1-4407-82F1-B8A3DEF7BDB7}.Debug|Any CPU.ActiveCfg = Debug|Any CPU
		{B9550FCF-51F1-4407-82F1-B8A3DEF7BDB7}.Debug|Any CPU.Build.0 = Debug|Any CPU
		{B9550FCF-51F1-4407-82F1-B8A3DEF7BDB7}.Release|Any CPU.ActiveCfg = Release|Any CPU
		{B9550FCF-51F1-4407-82F1-B8A3DEF7BDB7}.Release|Any CPU.Build.0 = Release|Any CPU
	EndGlobalSection
	GlobalSection(SolutionProperties) = preSolution
		HideSolutionNode = FALSE
	EndGlobalSection
	GlobalSection(ExtensibilityGlobals) = postSolution
		SolutionGuid = {87ABEE5B-5EE7-4481-BF52-0B07205C4366}
	EndGlobalSection
EndGlobal
